// !$*UTF8*$!
{
	archiveVersion = 1;
	classes = {
	};
	objectVersion = 56;
	objects = {

/* Begin PBXBuildFile section */
		597FC0992BBC491A001C67D6 /* KivaAppApp.swift in Sources */ = {isa = PBXBuildFile; fileRef = 597FC0982BBC491A001C67D6 /* KivaAppApp.swift */; };
		597FC09B2BBC491A001C67D6 /* LoanView.swift in Sources */ = {isa = PBXBuildFile; fileRef = 597FC09A2BBC491A001C67D6 /* LoanView.swift */; };
		597FC09D2BBC491B001C67D6 /* Assets.xcassets in Resources */ = {isa = PBXBuildFile; fileRef = 597FC09C2BBC491B001C67D6 /* Assets.xcassets */; };
		597FC0A02BBC491B001C67D6 /* Preview Assets.xcassets in Resources */ = {isa = PBXBuildFile; fileRef = 597FC09F2BBC491B001C67D6 /* Preview Assets.xcassets */; };
		597FC0A72BBC49EE001C67D6 /* Loan.swift in Sources */ = {isa = PBXBuildFile; fileRef = 597FC0A62BBC49EE001C67D6 /* Loan.swift */; };
		597FC0A92BBC4C17001C67D6 /* LoanStore.swift in Sources */ = {isa = PBXBuildFile; fileRef = 597FC0A82BBC4C17001C67D6 /* LoanStore.swift */; };
		597FC0B12BBC5C3B001C67D6 /* LoanCellView.swift in Sources */ = {isa = PBXBuildFile; fileRef = 597FC0B02BBC5C3B001C67D6 /* LoanCellView.swift */; };
		59AB4A0F2BBC7633003EBE23 /* DetailLoanView.swift in Sources */ = {isa = PBXBuildFile; fileRef = 59AB4A0E2BBC7633003EBE23 /* DetailLoanView.swift */; };
/* End PBXBuildFile section */

/* Begin PBXFileReference section */
		597FC0952BBC491A001C67D6 /* KivaApp.app */ = {isa = PBXFileReference; explicitFileType = wrapper.application; includeInIndex = 0; path = KivaApp.app; sourceTree = BUILT_PRODUCTS_DIR; };
		597FC0982BBC491A001C67D6 /* KivaAppApp.swift */ = {isa = PBXFileReference; lastKnownFileType = sourcecode.swift; path = KivaAppApp.swift; sourceTree = "<group>"; };
		597FC09A2BBC491A001C67D6 /* LoanView.swift */ = {isa = PBXFileReference; lastKnownFileType = sourcecode.swift; path = LoanView.swift; sourceTree = "<group>"; };
		597FC09C2BBC491B001C67D6 /* Assets.xcassets */ = {isa = PBXFileReference; lastKnownFileType = folder.assetcatalog; path = Assets.xcassets; sourceTree = "<group>"; };
		597FC09F2BBC491B001C67D6 /* Preview Assets.xcassets */ = {isa = PBXFileReference; lastKnownFileType = folder.assetcatalog; path = "Preview Assets.xcassets"; sourceTree = "<group>"; };
		597FC0A62BBC49EE001C67D6 /* Loan.swift */ = {isa = PBXFileReference; lastKnownFileType = sourcecode.swift; path = Loan.swift; sourceTree = "<group>"; };
		597FC0A82BBC4C17001C67D6 /* LoanStore.swift */ = {isa = PBXFileReference; lastKnownFileType = sourcecode.swift; path = LoanStore.swift; sourceTree = "<group>"; };
		597FC0B02BBC5C3B001C67D6 /* LoanCellView.swift */ = {isa = PBXFileReference; lastKnownFileType = sourcecode.swift; path = LoanCellView.swift; sourceTree = "<group>"; };
		59AB4A0E2BBC7633003EBE23 /* DetailLoanView.swift */ = {isa = PBXFileReference; lastKnownFileType = sourcecode.swift; path = DetailLoanView.swift; sourceTree = "<group>"; };
/* End PBXFileReference section */

/* Begin PBXFrameworksBuildPhase section */
		597FC0922BBC491A001C67D6 /* Frameworks */ = {
			isa = PBXFrameworksBuildPhase;
			buildActionMask = 2147483647;
			files = (
			);
			runOnlyForDeploymentPostprocessing = 0;
		};
/* End PBXFrameworksBuildPhase section */

/* Begin PBXGroup section */
		597FC08C2BBC491A001C67D6 = {
			isa = PBXGroup;
			children = (
				597FC0972BBC491A001C67D6 /* KivaApp */,
				597FC0962BBC491A001C67D6 /* Products */,
			);
			sourceTree = "<group>";
		};
		597FC0962BBC491A001C67D6 /* Products */ = {
			isa = PBXGroup;
			children = (
				597FC0952BBC491A001C67D6 /* KivaApp.app */,
			);
			name = Products;
			sourceTree = "<group>";
		};
		597FC0972BBC491A001C67D6 /* KivaApp */ = {
			isa = PBXGroup;
			children = (
				597FC0982BBC491A001C67D6 /* KivaAppApp.swift */,
				597FC09A2BBC491A001C67D6 /* LoanView.swift */,
				597FC09C2BBC491B001C67D6 /* Assets.xcassets */,
				597FC09E2BBC491B001C67D6 /* Preview Content */,
				597FC0A62BBC49EE001C67D6 /* Loan.swift */,
				597FC0A82BBC4C17001C67D6 /* LoanStore.swift */,
				597FC0B02BBC5C3B001C67D6 /* LoanCellView.swift */,
				59AB4A0E2BBC7633003EBE23 /* DetailLoanView.swift */,
			);
			path = KivaApp;
			sourceTree = "<group>";
		};
		597FC09E2BBC491B001C67D6 /* Preview Content */ = {
			isa = PBXGroup;
			children = (
				597FC09F2BBC491B001C67D6 /* Preview Assets.xcassets */,
			);
			path = "Preview Content";
			sourceTree = "<group>";
		};
/* End PBXGroup section */

/* Begin PBXNativeTarget section */
		597FC0942BBC491A001C67D6 /* KivaApp */ = {
			isa = PBXNativeTarget;
			buildConfigurationList = 597FC0A32BBC491B001C67D6 /* Build configuration list for PBXNativeTarget "KivaApp" */;
			buildPhases = (
				597FC0912BBC491A001C67D6 /* Sources */,
				597FC0922BBC491A001C67D6 /* Frameworks */,
				597FC0932BBC491A001C67D6 /* Resources */,
			);
			buildRules = (
			);
			dependencies = (
			);
			name = KivaApp;
			productName = KivaApp;
			productReference = 597FC0952BBC491A001C67D6 /* KivaApp.app */;
			productType = "com.apple.product-type.application";
		};
/* End PBXNativeTarget section */

/* Begin PBXProject section */
		597FC08D2BBC491A001C67D6 /* Project object */ = {
			isa = PBXProject;
			attributes = {
				BuildIndependentTargetsInParallel = 1;
				LastSwiftUpdateCheck = 1520;
				LastUpgradeCheck = 1520;
				TargetAttributes = {
					597FC0942BBC491A001C67D6 = {
						CreatedOnToolsVersion = 15.2;
					};
				};
			};
			buildConfigurationList = 597FC0902BBC491A001C67D6 /* Build configuration list for PBXProject "KivaApp" */;
			compatibilityVersion = "Xcode 14.0";
			developmentRegion = en;
			hasScannedForEncodings = 0;
			knownRegions = (
				en,
				Base,
			);
			mainGroup = 597FC08C2BBC491A001C67D6;
			productRefGroup = 597FC0962BBC491A001C67D6 /* Products */;
			projectDirPath = "";
			projectRoot = "";
			targets = (
				597FC0942BBC491A001C67D6 /* KivaApp */,
			);
		};
/* End PBXProject section */

/* Begin PBXResourcesBuildPhase section */
		597FC0932BBC491A001C67D6 /* Resources */ = {
			isa = PBXResourcesBuildPhase;
			buildActionMask = 2147483647;
			files = (
				597FC0A02BBC491B001C67D6 /* Preview Assets.xcassets in Resources */,
				597FC09D2BBC491B001C67D6 /* Assets.xcassets in Resources */,
			);
			runOnlyForDeploymentPostprocessing = 0;
		};
/* End PBXResourcesBuildPhase section */

/* Begin PBXSourcesBuildPhase section */
		597FC0912BBC491A001C67D6 /* Sources */ = {
			isa = PBXSourcesBuildPhase;
			buildActionMask = 2147483647;
			files = (
				597FC09B2BBC491A001C67D6 /* LoanView.swift in Sources */,
				597FC0A92BBC4C17001C67D6 /* LoanStore.swift in Sources */,
				597FC0B12BBC5C3B001C67D6 /* LoanCellView.swift in Sources */,
				59AB4A0F2BBC7633003EBE23 /* DetailLoanView.swift in Sources */,
				597FC0A72BBC49EE001C67D6 /* Loan.swift in Sources */,
				597FC0992BBC491A001C67D6 /* KivaAppApp.swift in Sources */,
			);
			runOnlyForDeploymentPostprocessing = 0;
		};
/* End PBXSourcesBuildPhase section */

/* Begin XCBuildConfiguration section */
		597FC0A12BBC491B001C67D6 /* Debug */ = {
			isa = XCBuildConfiguration;
			buildSettings = {
				ALWAYS_SEARCH_USER_PATHS = NO;
				ASSETCATALOG_COMPILER_GENERATE_SWIFT_ASSET_SYMBOL_EXTENSIONS = YES;
				CLANG_ANALYZER_NONNULL = YES;
				CLANG_ANALYZER_NUMBER_OBJECT_CONVERSION = YES_AGGRESSIVE;
				CLANG_CXX_LANGUAGE_STANDARD = "gnu++20";
				CLANG_ENABLE_MODULES = YES;
				CLANG_ENABLE_OBJC_ARC = YES;
				CLANG_ENABLE_OBJC_WEAK = YES;
				CLANG_WARN_BLOCK_CAPTURE_AUTORELEASING = YES;
				CLANG_WARN_BOOL_CONVERSION = YES;
				CLANG_WARN_COMMA = YES;
				CLANG_WARN_CONSTANT_CONVERSION = YES;
				CLANG_WARN_DEPRECATED_OBJC_IMPLEMENTATIONS = YES;
				CLANG_WARN_DIRECT_OBJC_ISA_USAGE = YES_ERROR;
				CLANG_WARN_DOCUMENTATION_COMMENTS = YES;
				CLANG_WARN_EMPTY_BODY = YES;
				CLANG_WARN_ENUM_CONVERSION = YES;
				CLANG_WARN_INFINITE_RECURSION = YES;
				CLANG_WARN_INT_CONVERSION = YES;
				CLANG_WARN_NON_LITERAL_NULL_CONVERSION = YES;
				CLANG_WARN_OBJC_IMPLICIT_RETAIN_SELF = YES;
				CLANG_WARN_OBJC_LITERAL_CONVERSION = YES;
				CLANG_WARN_OBJC_ROOT_CLASS = YES_ERROR;
				CLANG_WARN_QUOTED_INCLUDE_IN_FRAMEWORK_HEADER = YES;
				CLANG_WARN_RANGE_LOOP_ANALYSIS = YES;
				CLANG_WARN_STRICT_PROTOTYPES = YES;
				CLANG_WARN_SUSPICIOUS_MOVE = YES;
				CLANG_WARN_UNGUARDED_AVAILABILITY = YES_AGGRESSIVE;
				CLANG_WARN_UNREACHABLE_CODE = YES;
				CLANG_WARN__DUPLICATE_METHOD_MATCH = YES;
				COPY_PHASE_STRIP = NO;
				DEBUG_INFORMATION_FORMAT = dwarf;
				ENABLE_STRICT_OBJC_MSGSEND = YES;
				ENABLE_TESTABILITY = YES;
				ENABLE_USER_SCRIPT_SANDBOXING = YES;
				GCC_C_LANGUAGE_STANDARD = gnu17;
				GCC_DYNAMIC_NO_PIC = NO;
				GCC_NO_COMMON_BLOCKS = YES;
				GCC_OPTIMIZATION_LEVEL = 0;
				GCC_PREPROCESSOR_DEFINITIONS = (
					"DEBUG=1",
					"$(inherited)",
				);
				GCC_WARN_64_TO_32_BIT_CONVERSION = YES;
				GCC_WARN_ABOUT_RETURN_TYPE = YES_ERROR;
				GCC_WARN_UNDECLARED_SELECTOR = YES;
				GCC_WARN_UNINITIALIZED_AUTOS = YES_AGGRESSIVE;
				GCC_WARN_UNUSED_FUNCTION = YES;
				GCC_WARN_UNUSED_VARIABLE = YES;
				IPHONEOS_DEPLOYMENT_TARGET = 17.2;
				LOCALIZATION_PREFERS_STRING_CATALOGS = YES;
				MTL_ENABLE_DEBUG_INFO = INCLUDE_SOURCE;
				MTL_FAST_MATH = YES;
				ONLY_ACTIVE_ARCH = YES;
				SDKROOT = iphoneos;
				SWIFT_ACTIVE_COMPILATION_CONDITIONS = "DEBUG $(inherited)";
				SWIFT_OPTIMIZATION_LEVEL = "-Onone";
			};
			name = Debug;
		};
		597FC0A22BBC491B001C67D6 /* Release */ = {
			isa = XCBuildConfiguration;
			buildSettings = {
				ALWAYS_SEARCH_USER_PATHS = NO;
				ASSETCATALOG_COMPILER_GENERATE_SWIFT_ASSET_SYMBOL_EXTENSIONS = YES;
				CLANG_ANALYZER_NONNULL = YES;
				CLANG_ANALYZER_NUMBER_OBJECT_CONVERSION = YES_AGGRESSIVE;
				CLANG_CXX_LANGUAGE_STANDARD = "gnu++20";
				CLANG_ENABLE_MODULES = YES;
				CLANG_ENABLE_OBJC_ARC = YES;
				CLANG_ENABLE_OBJC_WEAK = YES;
				CLANG_WARN_BLOCK_CAPTURE_AUTORELEASING = YES;
				CLANG_WARN_BOOL_CONVERSION = YES;
				CLANG_WARN_COMMA = YES;
				CLANG_WARN_CONSTANT_CONVERSION = YES;
				CLANG_WARN_DEPRECATED_OBJC_IMPLEMENTATIONS = YES;
				CLANG_WARN_DIRECT_OBJC_ISA_USAGE = YES_ERROR;
				CLANG_WARN_DOCUMENTATION_COMMENTS = YES;
				CLANG_WARN_EMPTY_BODY = YES;
				CLANG_WARN_ENUM_CONVERSION = YES;
				CLANG_WARN_INFINITE_RECURSION = YES;
				CLANG_WARN_INT_CONVERSION = YES;
				CLANG_WARN_NON_LITERAL_NULL_CONVERSION = YES;
				CLANG_WARN_OBJC_IMPLICIT_RETAIN_SELF = YES;
				CLANG_WARN_OBJC_LITERAL_CONVERSION = YES;
				CLANG_WARN_OBJC_ROOT_CLASS = YES_ERROR;
				CLANG_WARN_QUOTED_INCLUDE_IN_FRAMEWORK_HEADER = YES;
				CLANG_WARN_RANGE_LOOP_ANALYSIS = YES;
				CLANG_WARN_STRICT_PROTOTYPES = YES;
				CLANG_WARN_SUSPICIOUS_MOVE = YES;
				CLANG_WARN_UNGUARDED_AVAILABILITY = YES_AGGRESSIVE;
				CLANG_WARN_UNREACHABLE_CODE = YES;
				CLANG_WARN__DUPLICATE_METHOD_MATCH = YES;
				COPY_PHASE_STRIP = NO;
				DEBUG_INFORMATION_FORMAT = "dwarf-with-dsym";
				ENABLE_NS_ASSERTIONS = NO;
				ENABLE_STRICT_OBJC_MSGSEND = YES;
				ENABLE_USER_SCRIPT_SANDBOXING = YES;
				GCC_C_LANGUAGE_STANDARD = gnu17;
				GCC_NO_COMMON_BLOCKS = YES;
				GCC_WARN_64_TO_32_BIT_CONVERSION = YES;
				GCC_WARN_ABOUT_RETURN_TYPE = YES_ERROR;
				GCC_WARN_UNDECLARED_SELECTOR = YES;
				GCC_WARN_UNINITIALIZED_AUTOS = YES_AGGRESSIVE;
				GCC_WARN_UNUSED_FUNCTION = YES;
				GCC_WARN_UNUSED_VARIABLE = YES;
				IPHONEOS_DEPLOYMENT_TARGET = 17.2;
				LOCALIZATION_PREFERS_STRING_CATALOGS = YES;
				MTL_ENABLE_DEBUG_INFO = NO;
				MTL_FAST_MATH = YES;
				SDKROOT = iphoneos;
				SWIFT_COMPILATION_MODE = wholemodule;
				VALIDATE_PRODUCT = YES;
			};
			name = Release;
		};
		597FC0A42BBC491B001C67D6 /* Debug */ = {
			isa = XCBuildConfiguration;
			buildSettings = {
				ASSETCATALOG_COMPILER_APPICON_NAME = AppIcon;
				ASSETCATALOG_COMPILER_GLOBAL_ACCENT_COLOR_NAME = AccentColor;
				CODE_SIGN_STYLE = Automatic;
				CURRENT_PROJECT_VERSION = 1;
				DEVELOPMENT_ASSET_PATHS = "\"KivaApp/Preview Content\"";
				DEVELOPMENT_TEAM = P8VYXXJCHT;
				ENABLE_PREVIEWS = YES;
				GENERATE_INFOPLIST_FILE = YES;
				INFOPLIST_KEY_UIApplicationSceneManifest_Generation = YES;
				INFOPLIST_KEY_UIApplicationSupportsIndirectInputEvents = YES;
				INFOPLIST_KEY_UILaunchScreen_Generation = YES;
				INFOPLIST_KEY_UISupportedInterfaceOrientations_iPad = "UIInterfaceOrientationPortrait UIInterfaceOrientationPortraitUpsideDown UIInterfaceOrientationLandscapeLeft UIInterfaceOrientationLandscapeRight";
				INFOPLIST_KEY_UISupportedInterfaceOrientations_iPhone = "UIInterfaceOrientationPortrait UIInterfaceOrientationLandscapeLeft UIInterfaceOrientationLandscapeRight";
				LD_RUNPATH_SEARCH_PATHS = (
					"$(inherited)",
					"@executable_path/Frameworks",
				);
				MARKETING_VERSION = 1.0;
				PRODUCT_BUNDLE_IDENTIFIER = okostenko.swift.KivaApp;
				PRODUCT_NAME = "$(TARGET_NAME)";
				SWIFT_EMIT_LOC_STRINGS = YES;
				SWIFT_VERSION = 5.0;
				TARGETED_DEVICE_FAMILY = "1,2";
			};
			name = Debug;
		};
		597FC0A52BBC491B001C67D6 /* Release */ = {
			isa = XCBuildConfiguration;
			buildSettings = {
				ASSETCATALOG_COMPILER_APPICON_NAME = AppIcon;
				ASSETCATALOG_COMPILER_GLOBAL_ACCENT_COLOR_NAME = AccentColor;
				CODE_SIGN_STYLE = Automatic;
				CURRENT_PROJECT_VERSION = 1;
				DEVELOPMENT_ASSET_PATHS = "\"KivaApp/Preview Content\"";
				DEVELOPMENT_TEAM = P8VYXXJCHT;
				ENABLE_PREVIEWS = YES;
				GENERATE_INFOPLIST_FILE = YES;
				INFOPLIST_KEY_UIApplicationSceneManifest_Generation = YES;
				INFOPLIST_KEY_UIApplicationSupportsIndirectInputEvents = YES;
				INFOPLIST_KEY_UILaunchScreen_Generation = YES;
				INFOPLIST_KEY_UISupportedInterfaceOrientations_iPad = "UIInterfaceOrientationPortrait UIInterfaceOrientationPortraitUpsideDown UIInterfaceOrientationLandscapeLeft UIInterfaceOrientationLandscapeRight";
				INFOPLIST_KEY_UISupportedInterfaceOrientations_iPhone = "UIInterfaceOrientationPortrait UIInterfaceOrientationLandscapeLeft UIInterfaceOrientationLandscapeRight";
				LD_RUNPATH_SEARCH_PATHS = (
					"$(inherited)",
					"@executable_path/Frameworks",
				);
				MARKETING_VERSION = 1.0;
				PRODUCT_BUNDLE_IDENTIFIER = okostenko.swift.KivaApp;
				PRODUCT_NAME = "$(TARGET_NAME)";
				SWIFT_EMIT_LOC_STRINGS = YES;
				SWIFT_VERSION = 5.0;
				TARGETED_DEVICE_FAMILY = "1,2";
			};
			name = Release;
		};
/* End XCBuildConfiguration section */

/* Begin XCConfigurationList section */
		597FC0902BBC491A001C67D6 /* Build configuration list for PBXProject "KivaApp" */ = {
			isa = XCConfigurationList;
			buildConfigurations = (
				597FC0A12BBC491B001C67D6 /* Debug */,
				597FC0A22BBC491B001C67D6 /* Release */,
			);
			defaultConfigurationIsVisible = 0;
			defaultConfigurationName = Release;
		};
		597FC0A32BBC491B001C67D6 /* Build configuration list for PBXNativeTarget "KivaApp" */ = {
			isa = XCConfigurationList;
			buildConfigurations = (
				597FC0A42BBC491B001C67D6 /* Debug */,
				597FC0A52BBC491B001C67D6 /* Release */,
			);
			defaultConfigurationIsVisible = 0;
			defaultConfigurationName = Release;
		};
/* End XCConfigurationList section */
	};
	rootObject = 597FC08D2BBC491A001C67D6 /* Project object */;
}
